// !$*UTF8*$!
{
	archiveVersion = 1;
	classes = {
	};
	objectVersion = 50;
	objects = {

/* Begin PBXBuildFile section */
		E83C8C4D2242DBDF00788C82 /* AppDelegate.swift in Sources */ = {isa = PBXBuildFile; fileRef = E83C8C4C2242DBDE00788C82 /* AppDelegate.swift */; };
		E83C8C4F2242DBDF00788C82 /* MainVC.swift in Sources */ = {isa = PBXBuildFile; fileRef = E83C8C4E2242DBDF00788C82 /* MainVC.swift */; };
		E83C8C522242DBDF00788C82 /* Main.storyboard in Resources */ = {isa = PBXBuildFile; fileRef = E83C8C502242DBDF00788C82 /* Main.storyboard */; };
		E83C8C542242DBE200788C82 /* Assets.xcassets in Resources */ = {isa = PBXBuildFile; fileRef = E83C8C532242DBE200788C82 /* Assets.xcassets */; };
		E83C8C572242DBE200788C82 /* LaunchScreen.storyboard in Resources */ = {isa = PBXBuildFile; fileRef = E83C8C552242DBE200788C82 /* LaunchScreen.storyboard */; };
		E87437912244175C009E4951 /* UICurrencyTxtField.swift in Sources */ = {isa = PBXBuildFile; fileRef = E87437902244175C009E4951 /* UICurrencyTxtField.swift */; };
		E8743799224424A9009E4951 /* WindowShopeerAppTests.swift in Sources */ = {isa = PBXBuildFile; fileRef = E8743798224424A9009E4951 /* WindowShopeerAppTests.swift */; };
		E87437A2224424D8009E4951 /* Wage.swift in Sources */ = {isa = PBXBuildFile; fileRef = E87437A1224424D8009E4951 /* Wage.swift */; };
		E87437A32244267F009E4951 /* Wage.swift in Sources */ = {isa = PBXBuildFile; fileRef = E87437A1224424D8009E4951 /* Wage.swift */; };
/* End PBXBuildFile section */

/* Begin PBXContainerItemProxy section */
		E874379B224424A9009E4951 /* PBXContainerItemProxy */ = {
			isa = PBXContainerItemProxy;
			containerPortal = E83C8C412242DBDE00788C82 /* Project object */;
			proxyType = 1;
			remoteGlobalIDString = E83C8C482242DBDE00788C82;
			remoteInfo = WindowShopeerApp;
		};
/* End PBXContainerItemProxy section */

/* Begin PBXFileReference section */
		E83C8C492242DBDE00788C82 /* WindowShopeerApp.app */ = {isa = PBXFileReference; explicitFileType = wrapper.application; includeInIndex = 0; path = WindowShopeerApp.app; sourceTree = BUILT_PRODUCTS_DIR; };
		E83C8C4C2242DBDE00788C82 /* AppDelegate.swift */ = {isa = PBXFileReference; lastKnownFileType = sourcecode.swift; path = AppDelegate.swift; sourceTree = "<group>"; };
		E83C8C4E2242DBDF00788C82 /* MainVC.swift */ = {isa = PBXFileReference; lastKnownFileType = sourcecode.swift; path = MainVC.swift; sourceTree = "<group>"; };
		E83C8C512242DBDF00788C82 /* Base */ = {isa = PBXFileReference; lastKnownFileType = file.storyboard; name = Base; path = Base.lproj/Main.storyboard; sourceTree = "<group>"; };
		E83C8C532242DBE200788C82 /* Assets.xcassets */ = {isa = PBXFileReference; lastKnownFileType = folder.assetcatalog; path = Assets.xcassets; sourceTree = "<group>"; };
		E83C8C562242DBE200788C82 /* Base */ = {isa = PBXFileReference; lastKnownFileType = file.storyboard; name = Base; path = Base.lproj/LaunchScreen.storyboard; sourceTree = "<group>"; };
		E83C8C582242DBE200788C82 /* Info.plist */ = {isa = PBXFileReference; lastKnownFileType = text.plist.xml; path = Info.plist; sourceTree = "<group>"; };
		E87437902244175C009E4951 /* UICurrencyTxtField.swift */ = {isa = PBXFileReference; lastKnownFileType = sourcecode.swift; path = UICurrencyTxtField.swift; sourceTree = "<group>"; };
		E8743796224424A9009E4951 /* WindowShopeerAppTests.xctest */ = {isa = PBXFileReference; explicitFileType = wrapper.cfbundle; includeInIndex = 0; path = WindowShopeerAppTests.xctest; sourceTree = BUILT_PRODUCTS_DIR; };
		E8743798224424A9009E4951 /* WindowShopeerAppTests.swift */ = {isa = PBXFileReference; lastKnownFileType = sourcecode.swift; path = WindowShopeerAppTests.swift; sourceTree = "<group>"; };
		E874379A224424A9009E4951 /* Info.plist */ = {isa = PBXFileReference; lastKnownFileType = text.plist.xml; path = Info.plist; sourceTree = "<group>"; };
		E87437A1224424D8009E4951 /* Wage.swift */ = {isa = PBXFileReference; lastKnownFileType = sourcecode.swift; path = Wage.swift; sourceTree = "<group>"; };
/* End PBXFileReference section */

/* Begin PBXFrameworksBuildPhase section */
		E83C8C462242DBDE00788C82 /* Frameworks */ = {
			isa = PBXFrameworksBuildPhase;
			buildActionMask = 2147483647;
			files = (
			);
			runOnlyForDeploymentPostprocessing = 0;
		};
		E8743793224424A9009E4951 /* Frameworks */ = {
			isa = PBXFrameworksBuildPhase;
			buildActionMask = 2147483647;
			files = (
			);
			runOnlyForDeploymentPostprocessing = 0;
		};
/* End PBXFrameworksBuildPhase section */

/* Begin PBXGroup section */
		E83C8C402242DBDE00788C82 = {
			isa = PBXGroup;
			children = (
				E83C8C4B2242DBDE00788C82 /* WindowShopeerApp */,
				E8743797224424A9009E4951 /* WindowShopeerAppTests */,
				E83C8C4A2242DBDE00788C82 /* Products */,
			);
			sourceTree = "<group>";
		};
		E83C8C4A2242DBDE00788C82 /* Products */ = {
			isa = PBXGroup;
			children = (
				E83C8C492242DBDE00788C82 /* WindowShopeerApp.app */,
				E8743796224424A9009E4951 /* WindowShopeerAppTests.xctest */,
			);
			name = Products;
			sourceTree = "<group>";
		};
		E83C8C4B2242DBDE00788C82 /* WindowShopeerApp */ = {
			isa = PBXGroup;
			children = (
				E87437A0224424C2009E4951 /* model */,
				E874378F22441735009E4951 /* view */,
				E83C8C5E2242DD6400788C82 /* controller */,
				E83C8C4C2242DBDE00788C82 /* AppDelegate.swift */,
				E83C8C502242DBDF00788C82 /* Main.storyboard */,
				E83C8C532242DBE200788C82 /* Assets.xcassets */,
				E83C8C552242DBE200788C82 /* LaunchScreen.storyboard */,
				E83C8C582242DBE200788C82 /* Info.plist */,
			);
			path = WindowShopeerApp;
			sourceTree = "<group>";
		};
		E83C8C5E2242DD6400788C82 /* controller */ = {
			isa = PBXGroup;
			children = (
				E83C8C4E2242DBDF00788C82 /* MainVC.swift */,
			);
			path = controller;
			sourceTree = "<group>";
		};
		E874378F22441735009E4951 /* view */ = {
			isa = PBXGroup;
			children = (
				E87437902244175C009E4951 /* UICurrencyTxtField.swift */,
			);
			path = view;
			sourceTree = "<group>";
		};
		E8743797224424A9009E4951 /* WindowShopeerAppTests */ = {
			isa = PBXGroup;
			children = (
				E8743798224424A9009E4951 /* WindowShopeerAppTests.swift */,
				E874379A224424A9009E4951 /* Info.plist */,
			);
			path = WindowShopeerAppTests;
			sourceTree = "<group>";
		};
		E87437A0224424C2009E4951 /* model */ = {
			isa = PBXGroup;
			children = (
				E87437A1224424D8009E4951 /* Wage.swift */,
			);
			path = model;
			sourceTree = "<group>";
		};
/* End PBXGroup section */

/* Begin PBXNativeTarget section */
		E83C8C482242DBDE00788C82 /* WindowShopeerApp */ = {
			isa = PBXNativeTarget;
			buildConfigurationList = E83C8C5B2242DBE200788C82 /* Build configuration list for PBXNativeTarget "WindowShopeerApp" */;
			buildPhases = (
				E83C8C452242DBDE00788C82 /* Sources */,
				E83C8C462242DBDE00788C82 /* Frameworks */,
				E83C8C472242DBDE00788C82 /* Resources */,
			);
			buildRules = (
			);
			dependencies = (
			);
			name = WindowShopeerApp;
			productName = WindowShopeerApp;
			productReference = E83C8C492242DBDE00788C82 /* WindowShopeerApp.app */;
			productType = "com.apple.product-type.application";
		};
		E8743795224424A9009E4951 /* WindowShopeerAppTests */ = {
			isa = PBXNativeTarget;
			buildConfigurationList = E874379F224424A9009E4951 /* Build configuration list for PBXNativeTarget "WindowShopeerAppTests" */;
			buildPhases = (
				E8743792224424A9009E4951 /* Sources */,
				E8743793224424A9009E4951 /* Frameworks */,
				E8743794224424A9009E4951 /* Resources */,
			);
			buildRules = (
			);
			dependencies = (
				E874379C224424A9009E4951 /* PBXTargetDependency */,
			);
			name = WindowShopeerAppTests;
			productName = WindowShopeerAppTests;
			productReference = E8743796224424A9009E4951 /* WindowShopeerAppTests.xctest */;
			productType = "com.apple.product-type.bundle.unit-test";
		};
/* End PBXNativeTarget section */

/* Begin PBXProject section */
		E83C8C412242DBDE00788C82 /* Project object */ = {
			isa = PBXProject;
			attributes = {
				LastSwiftUpdateCheck = 1010;
				LastUpgradeCheck = 1010;
				ORGANIZATIONNAME = "Pedro Antonio Ruiz Cuesta";
				TargetAttributes = {
					E83C8C482242DBDE00788C82 = {
						CreatedOnToolsVersion = 10.1;
					};
					E8743795224424A9009E4951 = {
						CreatedOnToolsVersion = 10.1;
						TestTargetID = E83C8C482242DBDE00788C82;
					};
				};
			};
			buildConfigurationList = E83C8C442242DBDE00788C82 /* Build configuration list for PBXProject "WindowShopeerApp" */;
			compatibilityVersion = "Xcode 9.3";
			developmentRegion = en;
			hasScannedForEncodings = 0;
			knownRegions = (
				en,
				Base,
			);
			mainGroup = E83C8C402242DBDE00788C82;
			productRefGroup = E83C8C4A2242DBDE00788C82 /* Products */;
			projectDirPath = "";
			projectRoot = "";
			targets = (
				E83C8C482242DBDE00788C82 /* WindowShopeerApp */,
				E8743795224424A9009E4951 /* WindowShopeerAppTests */,
			);
		};
/* End PBXProject section */

/* Begin PBXResourcesBuildPhase section */
		E83C8C472242DBDE00788C82 /* Resources */ = {
			isa = PBXResourcesBuildPhase;
			buildActionMask = 2147483647;
			files = (
				E83C8C572242DBE200788C82 /* LaunchScreen.storyboard in Resources */,
				E83C8C542242DBE200788C82 /* Assets.xcassets in Resources */,
				E83C8C522242DBDF00788C82 /* Main.storyboard in Resources */,
			);
			runOnlyForDeploymentPostprocessing = 0;
		};
		E8743794224424A9009E4951 /* Resources */ = {
			isa = PBXResourcesBuildPhase;
			buildActionMask = 2147483647;
			files = (
			);
			runOnlyForDeploymentPostprocessing = 0;
		};
/* End PBXResourcesBuildPhase section */

/* Begin PBXSourcesBuildPhase section */
		E83C8C452242DBDE00788C82 /* Sources */ = {
			isa = PBXSourcesBuildPhase;
			buildActionMask = 2147483647;
			files = (
				E83C8C4F2242DBDF00788C82 /* MainVC.swift in Sources */,
				E87437A2224424D8009E4951 /* Wage.swift in Sources */,
				E83C8C4D2242DBDF00788C82 /* AppDelegate.swift in Sources */,
				E87437912244175C009E4951 /* UICurrencyTxtField.swift in Sources */,
			);
			runOnlyForDeploymentPostprocessing = 0;
		};
		E8743792224424A9009E4951 /* Sources */ = {
			isa = PBXSourcesBuildPhase;
			buildActionMask = 2147483647;
			files = (
				E8743799224424A9009E4951 /* WindowShopeerAppTests.swift in Sources */,
				E87437A32244267F009E4951 /* Wage.swift in Sources */,
			);
			runOnlyForDeploymentPostprocessing = 0;
		};
/* End PBXSourcesBuildPhase section */

/* Begin PBXTargetDependency section */
		E874379C224424A9009E4951 /* PBXTargetDependency */ = {
			isa = PBXTargetDependency;
			target = E83C8C482242DBDE00788C82 /* WindowShopeerApp */;
			targetProxy = E874379B224424A9009E4951 /* PBXContainerItemProxy */;
		};
/* End PBXTargetDependency section */

/* Begin PBXVariantGroup section */
		E83C8C502242DBDF00788C82 /* Main.storyboard */ = {
			isa = PBXVariantGroup;
			children = (
				E83C8C512242DBDF00788C82 /* Base */,
			);
			name = Main.storyboard;
			sourceTree = "<group>";
		};
		E83C8C552242DBE200788C82 /* LaunchScreen.storyboard */ = {
			isa = PBXVariantGroup;
			children = (
				E83C8C562242DBE200788C82 /* Base */,
			);
			name = LaunchScreen.storyboard;
			sourceTree = "<group>";
		};
/* End PBXVariantGroup section */

/* Begin XCBuildConfiguration section */
		E83C8C592242DBE200788C82 /* Debug */ = {
			isa = XCBuildConfiguration;
			buildSettings = {
				ALWAYS_SEARCH_USER_PATHS = NO;
				CLANG_ANALYZER_NONNULL = YES;
				CLANG_ANALYZER_NUMBER_OBJECT_CONVERSION = YES_AGGRESSIVE;
				CLANG_CXX_LANGUAGE_STANDARD = "gnu++14";
				CLANG_CXX_LIBRARY = "libc++";
				CLANG_ENABLE_MODULES = YES;
				CLANG_ENABLE_OBJC_ARC = YES;
				CLANG_ENABLE_OBJC_WEAK = YES;
				CLANG_WARN_BLOCK_CAPTURE_AUTORELEASING = YES;
				CLANG_WARN_BOOL_CONVERSION = YES;
				CLANG_WARN_COMMA = YES;
				CLANG_WARN_CONSTANT_CONVERSION = YES;
				CLANG_WARN_DEPRECATED_OBJC_IMPLEMENTATIONS = YES;
				CLANG_WARN_DIRECT_OBJC_ISA_USAGE = YES_ERROR;
				CLANG_WARN_DOCUMENTATION_COMMENTS = YES;
				CLANG_WARN_EMPTY_BODY = YES;
				CLANG_WARN_ENUM_CONVERSION = YES;
				CLANG_WARN_INFINITE_RECURSION = YES;
				CLANG_WARN_INT_CONVERSION = YES;
				CLANG_WARN_NON_LITERAL_NULL_CONVERSION = YES;
				CLANG_WARN_OBJC_IMPLICIT_RETAIN_SELF = YES;
				CLANG_WARN_OBJC_LITERAL_CONVERSION = YES;
				CLANG_WARN_OBJC_ROOT_CLASS = YES_ERROR;
				CLANG_WARN_RANGE_LOOP_ANALYSIS = YES;
				CLANG_WARN_STRICT_PROTOTYPES = YES;
				CLANG_WARN_SUSPICIOUS_MOVE = YES;
				CLANG_WARN_UNGUARDED_AVAILABILITY = YES_AGGRESSIVE;
				CLANG_WARN_UNREACHABLE_CODE = YES;
				CLANG_WARN__DUPLICATE_METHOD_MATCH = YES;
				CODE_SIGN_IDENTITY = "iPhone Developer";
				COPY_PHASE_STRIP = NO;
				DEBUG_INFORMATION_FORMAT = dwarf;
				ENABLE_STRICT_OBJC_MSGSEND = YES;
				ENABLE_TESTABILITY = YES;
				GCC_C_LANGUAGE_STANDARD = gnu11;
				GCC_DYNAMIC_NO_PIC = NO;
				GCC_NO_COMMON_BLOCKS = YES;
				GCC_OPTIMIZATION_LEVEL = 0;
				GCC_PREPROCESSOR_DEFINITIONS = (
					"DEBUG=1",
					"$(inherited)",
				);
				GCC_WARN_64_TO_32_BIT_CONVERSION = YES;
				GCC_WARN_ABOUT_RETURN_TYPE = YES_ERROR;
				GCC_WARN_UNDECLARED_SELECTOR = YES;
				GCC_WARN_UNINITIALIZED_AUTOS = YES_AGGRESSIVE;
				GCC_WARN_UNUSED_FUNCTION = YES;
				GCC_WARN_UNUSED_VARIABLE = YES;
				IPHONEOS_DEPLOYMENT_TARGET = 12.1;
				MTL_ENABLE_DEBUG_INFO = INCLUDE_SOURCE;
				MTL_FAST_MATH = YES;
				ONLY_ACTIVE_ARCH = YES;
				SDKROOT = iphoneos;
				SWIFT_ACTIVE_COMPILATION_CONDITIONS = DEBUG;
				SWIFT_OPTIMIZATION_LEVEL = "-Onone";
			};
			name = Debug;
		};
		E83C8C5A2242DBE200788C82 /* Release */ = {
			isa = XCBuildConfiguration;
			buildSettings = {
				ALWAYS_SEARCH_USER_PATHS = NO;
				CLANG_ANALYZER_NONNULL = YES;
				CLANG_ANALYZER_NUMBER_OBJECT_CONVERSION = YES_AGGRESSIVE;
				CLANG_CXX_LANGUAGE_STANDARD = "gnu++14";
				CLANG_CXX_LIBRARY = "libc++";
				CLANG_ENABLE_MODULES = YES;
				CLANG_ENABLE_OBJC_ARC = YES;
				CLANG_ENABLE_OBJC_WEAK = YES;
				CLANG_WARN_BLOCK_CAPTURE_AUTORELEASING = YES;
				CLANG_WARN_BOOL_CONVERSION = YES;
				CLANG_WARN_COMMA = YES;
				CLANG_WARN_CONSTANT_CONVERSION = YES;
				CLANG_WARN_DEPRECATED_OBJC_IMPLEMENTATIONS = YES;
				CLANG_WARN_DIRECT_OBJC_ISA_USAGE = YES_ERROR;
				CLANG_WARN_DOCUMENTATION_COMMENTS = YES;
				CLANG_WARN_EMPTY_BODY = YES;
				CLANG_WARN_ENUM_CONVERSION = YES;
				CLANG_WARN_INFINITE_RECURSION = YES;
				CLANG_WARN_INT_CONVERSION = YES;
				CLANG_WARN_NON_LITERAL_NULL_CONVERSION = YES;
				CLANG_WARN_OBJC_IMPLICIT_RETAIN_SELF = YES;
				CLANG_WARN_OBJC_LITERAL_CONVERSION = YES;
				CLANG_WARN_OBJC_ROOT_CLASS = YES_ERROR;
				CLANG_WARN_RANGE_LOOP_ANALYSIS = YES;
				CLANG_WARN_STRICT_PROTOTYPES = YES;
				CLANG_WARN_SUSPICIOUS_MOVE = YES;
				CLANG_WARN_UNGUARDED_AVAILABILITY = YES_AGGRESSIVE;
				CLANG_WARN_UNREACHABLE_CODE = YES;
				CLANG_WARN__DUPLICATE_METHOD_MATCH = YES;
				CODE_SIGN_IDENTITY = "iPhone Developer";
				COPY_PHASE_STRIP = NO;
				DEBUG_INFORMATION_FORMAT = "dwarf-with-dsym";
				ENABLE_NS_ASSERTIONS = NO;
				ENABLE_STRICT_OBJC_MSGSEND = YES;
				GCC_C_LANGUAGE_STANDARD = gnu11;
				GCC_NO_COMMON_BLOCKS = YES;
				GCC_WARN_64_TO_32_BIT_CONVERSION = YES;
				GCC_WARN_ABOUT_RETURN_TYPE = YES_ERROR;
				GCC_WARN_UNDECLARED_SELECTOR = YES;
				GCC_WARN_UNINITIALIZED_AUTOS = YES_AGGRESSIVE;
				GCC_WARN_UNUSED_FUNCTION = YES;
				GCC_WARN_UNUSED_VARIABLE = YES;
				IPHONEOS_DEPLOYMENT_TARGET = 12.1;
				MTL_ENABLE_DEBUG_INFO = NO;
				MTL_FAST_MATH = YES;
				SDKROOT = iphoneos;
				SWIFT_COMPILATION_MODE = wholemodule;
				SWIFT_OPTIMIZATION_LEVEL = "-O";
				VALIDATE_PRODUCT = YES;
			};
			name = Release;
		};
		E83C8C5C2242DBE200788C82 /* Debug */ = {
			isa = XCBuildConfiguration;
			buildSettings = {
				ASSETCATALOG_COMPILER_APPICON_NAME = AppIcon;
				CODE_SIGN_STYLE = Automatic;
				DEVELOPMENT_TEAM = HQ747VQ3KG;
				INFOPLIST_FILE = WindowShopeerApp/Info.plist;
				LD_RUNPATH_SEARCH_PATHS = (
					"$(inherited)",
					"@executable_path/Frameworks",
				);
				PRODUCT_BUNDLE_IDENTIFIER = org.edrodev.WindowShopeerApp;
				PRODUCT_NAME = "$(TARGET_NAME)";
				SWIFT_VERSION = 4.2;
				TARGETED_DEVICE_FAMILY = "1,2";
			};
			name = Debug;
		};
		E83C8C5D2242DBE200788C82 /* Release */ = {
			isa = XCBuildConfiguration;
			buildSettings = {
				ASSETCATALOG_COMPILER_APPICON_NAME = AppIcon;
				CODE_SIGN_STYLE = Automatic;
				DEVELOPMENT_TEAM = HQ747VQ3KG;
				INFOPLIST_FILE = WindowShopeerApp/Info.plist;
				LD_RUNPATH_SEARCH_PATHS = (
					"$(inherited)",
					"@executable_path/Frameworks",
				);
				PRODUCT_BUNDLE_IDENTIFIER = org.edrodev.WindowShopeerApp;
				PRODUCT_NAME = "$(TARGET_NAME)";
				SWIFT_VERSION = 4.2;
				TARGETED_DEVICE_FAMILY = "1,2";
			};
			name = Release;
		};
		E874379D224424A9009E4951 /* Debug */ = {
			isa = XCBuildConfiguration;
			buildSettings = {
				BUNDLE_LOADER = "$(TEST_HOST)";
				CODE_SIGN_STYLE = Automatic;
				DEVELOPMENT_TEAM = HQ747VQ3KG;
				INFOPLIST_FILE = WindowShopeerAppTests/Info.plist;
				LD_RUNPATH_SEARCH_PATHS = (
					"$(inherited)",
					"@executable_path/Frameworks",
					"@loader_path/Frameworks",
				);
				PRODUCT_BUNDLE_IDENTIFIER = org.edrodev.WindowShopeerAppTests;
				PRODUCT_NAME = "$(TARGET_NAME)";
				SWIFT_VERSION = 4.2;
				TARGETED_DEVICE_FAMILY = "1,2";
				TEST_HOST = "$(BUILT_PRODUCTS_DIR)/WindowShopeerApp.app/WindowShopeerApp";
			};
			name = Debug;
		};
		E874379E224424A9009E4951 /* Release */ = {
			isa = XCBuildConfiguration;
			buildSettings = {
				BUNDLE_LOADER = "$(TEST_HOST)";
				CODE_SIGN_STYLE = Automatic;
				DEVELOPMENT_TEAM = HQ747VQ3KG;
				INFOPLIST_FILE = WindowShopeerAppTests/Info.plist;
				LD_RUNPATH_SEARCH_PATHS = (
					"$(inherited)",
					"@executable_path/Frameworks",
					"@loader_path/Frameworks",
				);
				PRODUCT_BUNDLE_IDENTIFIER = org.edrodev.WindowShopeerAppTests;
				PRODUCT_NAME = "$(TARGET_NAME)";
				SWIFT_VERSION = 4.2;
				TARGETED_DEVICE_FAMILY = "1,2";
				TEST_HOST = "$(BUILT_PRODUCTS_DIR)/WindowShopeerApp.app/WindowShopeerApp";
			};
			name = Release;
		};
/* End XCBuildConfiguration section */

/* Begin XCConfigurationList section */
		E83C8C442242DBDE00788C82 /* Build configuration list for PBXProject "WindowShopeerApp" */ = {
			isa = XCConfigurationList;
			buildConfigurations = (
				E83C8C592242DBE200788C82 /* Debug */,
				E83C8C5A2242DBE200788C82 /* Release */,
			);
			defaultConfigurationIsVisible = 0;
			defaultConfigurationName = Release;
		};
		E83C8C5B2242DBE200788C82 /* Build configuration list for PBXNativeTarget "WindowShopeerApp" */ = {
			isa = XCConfigurationList;
			buildConfigurations = (
				E83C8C5C2242DBE200788C82 /* Debug */,
				E83C8C5D2242DBE200788C82 /* Release */,
			);
			defaultConfigurationIsVisible = 0;
			defaultConfigurationName = Release;
		};
		E874379F224424A9009E4951 /* Build configuration list for PBXNativeTarget "WindowShopeerAppTests" */ = {
			isa = XCConfigurationList;
			buildConfigurations = (
				E874379D224424A9009E4951 /* Debug */,
				E874379E224424A9009E4951 /* Release */,
			);
			defaultConfigurationIsVisible = 0;
			defaultConfigurationName = Release;
		};
/* End XCConfigurationList section */
	};
	rootObject = E83C8C412242DBDE00788C82 /* Project object */;
}
